<?xml version="1.0" encoding="utf-8"?>
<Project ToolsVersion="4.0" xmlns="http://schemas.microsoft.com/developer/msbuild/2003">
  <ItemGroup>
    <ClCompile Include="main.cpp" />
    <ClCompile Include="DigitalInputPi.cpp">
      <Filter>IO_Files</Filter>
    </ClCompile>
    <ClCompile Include="DigitalOutputPi.cpp">
      <Filter>IO_Files</Filter>
    </ClCompile>
    <ClCompile Include="IoFunctionsPi.cpp">
      <Filter>IO_Files</Filter>
    </ClCompile>
    <ClCompile Include="TestFunctions.cpp">
      <Filter>Test</Filter>
    </ClCompile>
    <ClCompile Include="ReactionGame.cpp">
      <Filter>ReactionGame_Files</Filter>
    </ClCompile>
    <ClCompile Include="Player.cpp">
      <Filter>ReactionGame_Files</Filter>
    </ClCompile>
    <ClCompile Include="Files_Patrick_old\GameSetup.cpp">
      <Filter>ReactionGame_Files</Filter>
    </ClCompile>
    <ClCompile Include="Manage_Io.cpp">
      <Filter>IO_Files</Filter>
    </ClCompile>
  </ItemGroup>
  <ItemGroup>
    <Filter Include="IO_Files">
      <UniqueIdentifier>{270e53ea-08ae-487a-830b-02cfdb8de903}</UniqueIdentifier>
    </Filter>
    <Filter Include="ReactionGame_Files">
      <UniqueIdentifier>{7238b772-73e7-475b-a390-2ff5a77330ab}</UniqueIdentifier>
    </Filter>
    <Filter Include="Test">
      <UniqueIdentifier>{5858d993-634d-4f25-9b85-4368542c00bc}</UniqueIdentifier>
    </Filter>
  </ItemGroup>
  <ItemGroup>
    <ClInclude Include="DigitalInputPi.h">
      <Filter>IO_Files</Filter>
    </ClInclude>
    <ClInclude Include="PinPi.h">
      <Filter>IO_Files</Filter>
    </ClInclude>
    <ClInclude Include="Enums.h">
      <Filter>IO_Files</Filter>
    </ClInclude>
    <ClInclude Include="DigitalOutputPi.h">
      <Filter>IO_Files</Filter>
    </ClInclude>
    <ClInclude Include="IoFunctionsPi.h">
      <Filter>IO_Files</Filter>
    </ClInclude>
    <ClInclude Include="TestFunctions.h">
      <Filter>Test</Filter>
    </ClInclude>
    <ClInclude Include="ReactionGame.h">
      <Filter>ReactionGame_Files</Filter>
    </ClInclude>
    <ClInclude Include="Player.h">
      <Filter>ReactionGame_Files</Filter>
    </ClInclude>
    <ClInclude Include="Files_Patrick_old\GameSetup.h">
      <Filter>ReactionGame_Files</Filter>
    </ClInclude>
    <ClInclude Include="Files_Patrick_old\pi_gpio_headers.h">
      <Filter>IO_Files</Filter>
    </ClInclude>
    <ClInclude Include="Manage_Io.h">
      <Filter>IO_Files</Filter>
    </ClInclude>
    <ClInclude Include="json.hpp" />
    <ClInclude Include="piproxy.h" />
  </ItemGroup>
</Project>