
Microsoft Visual Studio Solution File, Format Version 12.00
# Visual Studio 15
VisualStudioVersion = 15.0.27428.2002
MinimumVisualStudioVersion = 10.0.40219.1
Project("{8BC9CEB8-8B4A-11D0-8D11-00A0C91BC942}") = "ReactionGame", "ReactionGame\ReactionGame.vcxproj", "{7859E980-F2D2-4EB2-9B10-552F954C2ADD}"
EndProject
Global
	GlobalSection(SolutionConfigurationPlatforms) = preSolution
		Debug|ARM = Debug|ARM
		Release|ARM = Release|ARM
	EndGlobalSection
	GlobalSection(ProjectConfigurationPlatforms) = postSolution
		{7859E980-F2D2-4EB2-9B10-552F954C2ADD}.Debug|ARM.ActiveCfg = Debug|ARM
		{7859E980-F2D2-4EB2-9B10-552F954C2ADD}.Debug|ARM.Build.0 = Debug|ARM
		{7859E980-F2D2-4EB2-9B10-552F954C2ADD}.Release|ARM.ActiveCfg = Release|ARM
		{7859E980-F2D2-4EB2-9B10-552F954C2ADD}.Release|ARM.Build.0 = Release|ARM
	EndGlobalSection
	GlobalSection(SolutionProperties) = preSolution
		HideSolutionNode = FALSE
	EndGlobalSection
	GlobalSection(ExtensibilityGlobals) = postSolution
		SolutionGuid = {4C6254B5-DD78-482D-A1CC-3C5508481543}
	EndGlobalSection
EndGlobal
